
Microsoft Visual Studio Solution File, Format Version 12.00
# Visual Studio Version 16
VisualStudioVersion = 16.0.30413.136
MinimumVisualStudioVersion = 10.0.40219.1
Project("{FAE04EC0-301F-11D3-BF4B-00C04F79EFBC}") = "BTL_LaptrinhWeb_BanSach", "BTL_LaptrinhWeb_BanSach.csproj", "{92E0689B-44FF-4C10-BE66-DEA89F4D6C63}"
EndProject
Project("{FAE04EC0-301F-11D3-BF4B-00C04F79EFBC}") = "Model", "..\Model\Model.csproj", "{0302C689-E5A9-4317-90DB-B32574FE2398}"
EndProject
Global
	GlobalSection(SolutionConfigurationPlatforms) = preSolution
		Debug|Any CPU = Debug|Any CPU
		Release|Any CPU = Release|Any CPU
	EndGlobalSection
	GlobalSection(ProjectConfigurationPlatforms) = postSolution
		{92E0689B-44FF-4C10-BE66-DEA89F4D6C63}.Debug|Any CPU.ActiveCfg = Debug|Any CPU
		{92E0689B-44FF-4C10-BE66-DEA89F4D6C63}.Debug|Any CPU.Build.0 = Debug|Any CPU
		{92E0689B-44FF-4C10-BE66-DEA89F4D6C63}.Release|Any CPU.ActiveCfg = Release|Any CPU
		{92E0689B-44FF-4C10-BE66-DEA89F4D6C63}.Release|Any CPU.Build.0 = Release|Any CPU
		{0302C689-E5A9-4317-90DB-B32574FE2398}.Debug|Any CPU.ActiveCfg = Debug|Any CPU
		{0302C689-E5A9-4317-90DB-B32574FE2398}.Debug|Any CPU.Build.0 = Debug|Any CPU
		{0302C689-E5A9-4317-90DB-B32574FE2398}.Release|Any CPU.ActiveCfg = Release|Any CPU
		{0302C689-E5A9-4317-90DB-B32574FE2398}.Release|Any CPU.Build.0 = Release|Any CPU
	EndGlobalSection
	GlobalSection(SolutionProperties) = preSolution
		HideSolutionNode = FALSE
	EndGlobalSection
	GlobalSection(ExtensibilityGlobals) = postSolution
		SolutionGuid = {1522EF0C-484B-45A5-B092-C316BC29EECE}
	EndGlobalSection
EndGlobal
